// !$*UTF8*$!
{
	archiveVersion = 1;
	classes = {
	};
	objectVersion = 56;
	objects = {

/* Begin PBXBuildFile section */
		65D8DDE128FE201E00CC5D8E /* AppDelegate.swift in Sources */ = {isa = PBXBuildFile; fileRef = 65D8DDE028FE201E00CC5D8E /* AppDelegate.swift */; };
		65D8DDE328FE201E00CC5D8E /* SceneDelegate.swift in Sources */ = {isa = PBXBuildFile; fileRef = 65D8DDE228FE201E00CC5D8E /* SceneDelegate.swift */; };
		65D8DDE528FE201E00CC5D8E /* ViewController.swift in Sources */ = {isa = PBXBuildFile; fileRef = 65D8DDE428FE201E00CC5D8E /* ViewController.swift */; };
		65D8DDE828FE201E00CC5D8E /* Main.storyboard in Resources */ = {isa = PBXBuildFile; fileRef = 65D8DDE628FE201E00CC5D8E /* Main.storyboard */; };
		65D8DDEB28FE201E00CC5D8E /* Grading.xcdatamodeld in Sources */ = {isa = PBXBuildFile; fileRef = 65D8DDE928FE201E00CC5D8E /* Grading.xcdatamodeld */; };
		65D8DDED28FE201F00CC5D8E /* Assets.xcassets in Resources */ = {isa = PBXBuildFile; fileRef = 65D8DDEC28FE201F00CC5D8E /* Assets.xcassets */; };
		65D8DDF028FE201F00CC5D8E /* LaunchScreen.storyboard in Resources */ = {isa = PBXBuildFile; fileRef = 65D8DDEE28FE201F00CC5D8E /* LaunchScreen.storyboard */; };
/* End PBXBuildFile section */

/* Begin PBXFileReference section */
		65D8DDDD28FE201E00CC5D8E /* Grading.app */ = {isa = PBXFileReference; explicitFileType = wrapper.application; includeInIndex = 0; path = Grading.app; sourceTree = BUILT_PRODUCTS_DIR; };
		65D8DDE028FE201E00CC5D8E /* AppDelegate.swift */ = {isa = PBXFileReference; lastKnownFileType = sourcecode.swift; path = AppDelegate.swift; sourceTree = "<group>"; };
		65D8DDE228FE201E00CC5D8E /* SceneDelegate.swift */ = {isa = PBXFileReference; lastKnownFileType = sourcecode.swift; path = SceneDelegate.swift; sourceTree = "<group>"; };
		65D8DDE428FE201E00CC5D8E /* ViewController.swift */ = {isa = PBXFileReference; lastKnownFileType = sourcecode.swift; path = ViewController.swift; sourceTree = "<group>"; };
		65D8DDE728FE201E00CC5D8E /* Base */ = {isa = PBXFileReference; lastKnownFileType = file.storyboard; name = Base; path = Base.lproj/Main.storyboard; sourceTree = "<group>"; };
		65D8DDEA28FE201E00CC5D8E /* Grading.xcdatamodel */ = {isa = PBXFileReference; lastKnownFileType = wrapper.xcdatamodel; path = Grading.xcdatamodel; sourceTree = "<group>"; };
		65D8DDEC28FE201F00CC5D8E /* Assets.xcassets */ = {isa = PBXFileReference; lastKnownFileType = folder.assetcatalog; path = Assets.xcassets; sourceTree = "<group>"; };
		65D8DDEF28FE201F00CC5D8E /* Base */ = {isa = PBXFileReference; lastKnownFileType = file.storyboard; name = Base; path = Base.lproj/LaunchScreen.storyboard; sourceTree = "<group>"; };
		65D8DDF128FE201F00CC5D8E /* Info.plist */ = {isa = PBXFileReference; lastKnownFileType = text.plist.xml; path = Info.plist; sourceTree = "<group>"; };
/* End PBXFileReference section */

/* Begin PBXFrameworksBuildPhase section */
		65D8DDDA28FE201E00CC5D8E /* Frameworks */ = {
			isa = PBXFrameworksBuildPhase;
			buildActionMask = 2147483647;
			files = (
			);
			runOnlyForDeploymentPostprocessing = 0;
		};
/* End PBXFrameworksBuildPhase section */

/* Begin PBXGroup section */
		65D8DDD428FE201D00CC5D8E = {
			isa = PBXGroup;
			children = (
				65D8DDDF28FE201E00CC5D8E /* Grading */,
				65D8DDDE28FE201E00CC5D8E /* Products */,
			);
			sourceTree = "<group>";
		};
		65D8DDDE28FE201E00CC5D8E /* Products */ = {
			isa = PBXGroup;
			children = (
				65D8DDDD28FE201E00CC5D8E /* Grading.app */,
			);
			name = Products;
			sourceTree = "<group>";
		};
		65D8DDDF28FE201E00CC5D8E /* Grading */ = {
			isa = PBXGroup;
			children = (
				65D8DDE028FE201E00CC5D8E /* AppDelegate.swift */,
				65D8DDE228FE201E00CC5D8E /* SceneDelegate.swift */,
				65D8DDE428FE201E00CC5D8E /* ViewController.swift */,
				65D8DDE628FE201E00CC5D8E /* Main.storyboard */,
				65D8DDEC28FE201F00CC5D8E /* Assets.xcassets */,
				65D8DDEE28FE201F00CC5D8E /* LaunchScreen.storyboard */,
				65D8DDF128FE201F00CC5D8E /* Info.plist */,
				65D8DDE928FE201E00CC5D8E /* Grading.xcdatamodeld */,
			);
			path = Grading;
			sourceTree = "<group>";
		};
/* End PBXGroup section */

/* Begin PBXNativeTarget section */
		65D8DDDC28FE201E00CC5D8E /* Grading */ = {
			isa = PBXNativeTarget;
			buildConfigurationList = 65D8DDF428FE201F00CC5D8E /* Build configuration list for PBXNativeTarget "Grading" */;
			buildPhases = (
				65D8DDD928FE201E00CC5D8E /* Sources */,
				65D8DDDA28FE201E00CC5D8E /* Frameworks */,
				65D8DDDB28FE201E00CC5D8E /* Resources */,
			);
			buildRules = (
			);
			dependencies = (
			);
			name = Grading;
			productName = Grading;
			productReference = 65D8DDDD28FE201E00CC5D8E /* Grading.app */;
			productType = "com.apple.product-type.application";
		};
/* End PBXNativeTarget section */

/* Begin PBXProject section */
		65D8DDD528FE201D00CC5D8E /* Project object */ = {
			isa = PBXProject;
			attributes = {
				BuildIndependentTargetsInParallel = 1;
				LastSwiftUpdateCheck = 1400;
				LastUpgradeCheck = 1400;
				TargetAttributes = {
					65D8DDDC28FE201E00CC5D8E = {
						CreatedOnToolsVersion = 14.0.1;
					};
				};
			};
			buildConfigurationList = 65D8DDD828FE201D00CC5D8E /* Build configuration list for PBXProject "Grading" */;
			compatibilityVersion = "Xcode 14.0";
			developmentRegion = en;
			hasScannedForEncodings = 0;
			knownRegions = (
				en,
				Base,
			);
			mainGroup = 65D8DDD428FE201D00CC5D8E;
			productRefGroup = 65D8DDDE28FE201E00CC5D8E /* Products */;
			projectDirPath = "";
			projectRoot = "";
			targets = (
				65D8DDDC28FE201E00CC5D8E /* Grading */,
			);
		};
/* End PBXProject section */

/* Begin PBXResourcesBuildPhase section */
		65D8DDDB28FE201E00CC5D8E /* Resources */ = {
			isa = PBXResourcesBuildPhase;
			buildActionMask = 2147483647;
			files = (
				65D8DDF028FE201F00CC5D8E /* LaunchScreen.storyboard in Resources */,
				65D8DDED28FE201F00CC5D8E /* Assets.xcassets in Resources */,
				65D8DDE828FE201E00CC5D8E /* Main.storyboard in Resources */,
			);
			runOnlyForDeploymentPostprocessing = 0;
		};
/* End PBXResourcesBuildPhase section */

/* Begin PBXSourcesBuildPhase section */
		65D8DDD928FE201E00CC5D8E /* Sources */ = {
			isa = PBXSourcesBuildPhase;
			buildActionMask = 2147483647;
			files = (
				65D8DDEB28FE201E00CC5D8E /* Grading.xcdatamodeld in Sources */,
				65D8DDE528FE201E00CC5D8E /* ViewController.swift in Sources */,
				65D8DDE128FE201E00CC5D8E /* AppDelegate.swift in Sources */,
				65D8DDE328FE201E00CC5D8E /* SceneDelegate.swift in Sources */,
			);
			runOnlyForDeploymentPostprocessing = 0;
		};
/* End PBXSourcesBuildPhase section */

/* Begin PBXVariantGroup section */
		65D8DDE628FE201E00CC5D8E /* Main.storyboard */ = {
			isa = PBXVariantGroup;
			children = (
				65D8DDE728FE201E00CC5D8E /* Base */,
			);
			name = Main.storyboard;
			sourceTree = "<group>";
		};
		65D8DDEE28FE201F00CC5D8E /* LaunchScreen.storyboard */ = {
			isa = PBXVariantGroup;
			children = (
				65D8DDEF28FE201F00CC5D8E /* Base */,
			);
			name = LaunchScreen.storyboard;
			sourceTree = "<group>";
		};
/* End PBXVariantGroup section */

/* Begin XCBuildConfiguration section */
		65D8DDF228FE201F00CC5D8E /* Debug */ = {
			isa = XCBuildConfiguration;
			buildSettings = {
				ALWAYS_SEARCH_USER_PATHS = NO;
				CLANG_ANALYZER_NONNULL = YES;
				CLANG_ANALYZER_NUMBER_OBJECT_CONVERSION = YES_AGGRESSIVE;
				CLANG_CXX_LANGUAGE_STANDARD = "gnu++20";
				CLANG_ENABLE_MODULES = YES;
				CLANG_ENABLE_OBJC_ARC = YES;
				CLANG_ENABLE_OBJC_WEAK = YES;
				CLANG_WARN_BLOCK_CAPTURE_AUTORELEASING = YES;
				CLANG_WARN_BOOL_CONVERSION = YES;
				CLANG_WARN_COMMA = YES;
				CLANG_WARN_CONSTANT_CONVERSION = YES;
				CLANG_WARN_DEPRECATED_OBJC_IMPLEMENTATIONS = YES;
				CLANG_WARN_DIRECT_OBJC_ISA_USAGE = YES_ERROR;
				CLANG_WARN_DOCUMENTATION_COMMENTS = YES;
				CLANG_WARN_EMPTY_BODY = YES;
				CLANG_WARN_ENUM_CONVERSION = YES;
				CLANG_WARN_INFINITE_RECURSION = YES;
				CLANG_WARN_INT_CONVERSION = YES;
				CLANG_WARN_NON_LITERAL_NULL_CONVERSION = YES;
				CLANG_WARN_OBJC_IMPLICIT_RETAIN_SELF = YES;
				CLANG_WARN_OBJC_LITERAL_CONVERSION = YES;
				CLANG_WARN_OBJC_ROOT_CLASS = YES_ERROR;
				CLANG_WARN_QUOTED_INCLUDE_IN_FRAMEWORK_HEADER = YES;
				CLANG_WARN_RANGE_LOOP_ANALYSIS = YES;
				CLANG_WARN_STRICT_PROTOTYPES = YES;
				CLANG_WARN_SUSPICIOUS_MOVE = YES;
				CLANG_WARN_UNGUARDED_AVAILABILITY = YES_AGGRESSIVE;
				CLANG_WARN_UNREACHABLE_CODE = YES;
				CLANG_WARN__DUPLICATE_METHOD_MATCH = YES;
				COPY_PHASE_STRIP = NO;
				DEBUG_INFORMATION_FORMAT = dwarf;
				ENABLE_STRICT_OBJC_MSGSEND = YES;
				ENABLE_TESTABILITY = YES;
				GCC_C_LANGUAGE_STANDARD = gnu11;
				GCC_DYNAMIC_NO_PIC = NO;
				GCC_NO_COMMON_BLOCKS = YES;
				GCC_OPTIMIZATION_LEVEL = 0;
				GCC_PREPROCESSOR_DEFINITIONS = (
					"DEBUG=1",
					"$(inherited)",
				);
				GCC_WARN_64_TO_32_BIT_CONVERSION = YES;
				GCC_WARN_ABOUT_RETURN_TYPE = YES_ERROR;
				GCC_WARN_UNDECLARED_SELECTOR = YES;
				GCC_WARN_UNINITIALIZED_AUTOS = YES_AGGRESSIVE;
				GCC_WARN_UNUSED_FUNCTION = YES;
				GCC_WARN_UNUSED_VARIABLE = YES;
				IPHONEOS_DEPLOYMENT_TARGET = 16.0;
				MTL_ENABLE_DEBUG_INFO = INCLUDE_SOURCE;
				MTL_FAST_MATH = YES;
				ONLY_ACTIVE_ARCH = YES;
				SDKROOT = iphoneos;
				SWIFT_ACTIVE_COMPILATION_CONDITIONS = DEBUG;
				SWIFT_OPTIMIZATION_LEVEL = "-Onone";
			};
			name = Debug;
		};
		65D8DDF328FE201F00CC5D8E /* Release */ = {
			isa = XCBuildConfiguration;
			buildSettings = {
				ALWAYS_SEARCH_USER_PATHS = NO;
				CLANG_ANALYZER_NONNULL = YES;
				CLANG_ANALYZER_NUMBER_OBJECT_CONVERSION = YES_AGGRESSIVE;
				CLANG_CXX_LANGUAGE_STANDARD = "gnu++20";
				CLANG_ENABLE_MODULES = YES;
				CLANG_ENABLE_OBJC_ARC = YES;
				CLANG_ENABLE_OBJC_WEAK = YES;
				CLANG_WARN_BLOCK_CAPTURE_AUTORELEASING = YES;
				CLANG_WARN_BOOL_CONVERSION = YES;
				CLANG_WARN_COMMA = YES;
				CLANG_WARN_CONSTANT_CONVERSION = YES;
				CLANG_WARN_DEPRECATED_OBJC_IMPLEMENTATIONS = YES;
				CLANG_WARN_DIRECT_OBJC_ISA_USAGE = YES_ERROR;
				CLANG_WARN_DOCUMENTATION_COMMENTS = YES;
				CLANG_WARN_EMPTY_BODY = YES;
				CLANG_WARN_ENUM_CONVERSION = YES;
				CLANG_WARN_INFINITE_RECURSION = YES;
				CLANG_WARN_INT_CONVERSION = YES;
				CLANG_WARN_NON_LITERAL_NULL_CONVERSION = YES;
				CLANG_WARN_OBJC_IMPLICIT_RETAIN_SELF = YES;
				CLANG_WARN_OBJC_LITERAL_CONVERSION = YES;
				CLANG_WARN_OBJC_ROOT_CLASS = YES_ERROR;
				CLANG_WARN_QUOTED_INCLUDE_IN_FRAMEWORK_HEADER = YES;
				CLANG_WARN_RANGE_LOOP_ANALYSIS = YES;
				CLANG_WARN_STRICT_PROTOTYPES = YES;
				CLANG_WARN_SUSPICIOUS_MOVE = YES;
				CLANG_WARN_UNGUARDED_AVAILABILITY = YES_AGGRESSIVE;
				CLANG_WARN_UNREACHABLE_CODE = YES;
				CLANG_WARN__DUPLICATE_METHOD_MATCH = YES;
				COPY_PHASE_STRIP = NO;
				DEBUG_INFORMATION_FORMAT = "dwarf-with-dsym";
				ENABLE_NS_ASSERTIONS = NO;
				ENABLE_STRICT_OBJC_MSGSEND = YES;
				GCC_C_LANGUAGE_STANDARD = gnu11;
				GCC_NO_COMMON_BLOCKS = YES;
				GCC_WARN_64_TO_32_BIT_CONVERSION = YES;
				GCC_WARN_ABOUT_RETURN_TYPE = YES_ERROR;
				GCC_WARN_UNDECLARED_SELECTOR = YES;
				GCC_WARN_UNINITIALIZED_AUTOS = YES_AGGRESSIVE;
				GCC_WARN_UNUSED_FUNCTION = YES;
				GCC_WARN_UNUSED_VARIABLE = YES;
				IPHONEOS_DEPLOYMENT_TARGET = 16.0;
				MTL_ENABLE_DEBUG_INFO = NO;
				MTL_FAST_MATH = YES;
				SDKROOT = iphoneos;
				SWIFT_COMPILATION_MODE = wholemodule;
				SWIFT_OPTIMIZATION_LEVEL = "-O";
				VALIDATE_PRODUCT = YES;
			};
			name = Release;
		};
		65D8DDF528FE201F00CC5D8E /* Debug */ = {
			isa = XCBuildConfiguration;
			buildSettings = {
				ASSETCATALOG_COMPILER_APPICON_NAME = AppIcon;
				ASSETCATALOG_COMPILER_GLOBAL_ACCENT_COLOR_NAME = AccentColor;
				CODE_SIGN_STYLE = Automatic;
				CURRENT_PROJECT_VERSION = 1;
				DEVELOPMENT_TEAM = 5RJT5795Z2;
				GENERATE_INFOPLIST_FILE = YES;
				INFOPLIST_FILE = Grading/Info.plist;
				INFOPLIST_KEY_UIApplicationSupportsIndirectInputEvents = YES;
				INFOPLIST_KEY_UILaunchStoryboardName = LaunchScreen;
				INFOPLIST_KEY_UIMainStoryboardFile = Main;
				INFOPLIST_KEY_UISupportedInterfaceOrientations_iPad = "UIInterfaceOrientationPortrait UIInterfaceOrientationPortraitUpsideDown UIInterfaceOrientationLandscapeLeft UIInterfaceOrientationLandscapeRight";
				INFOPLIST_KEY_UISupportedInterfaceOrientations_iPhone = "UIInterfaceOrientationPortrait UIInterfaceOrientationLandscapeLeft UIInterfaceOrientationLandscapeRight";
				LD_RUNPATH_SEARCH_PATHS = (
					"$(inherited)",
					"@executable_path/Frameworks",
				);
				MARKETING_VERSION = 1.0;
				PRODUCT_BUNDLE_IDENTIFIER = UHCL.Grading;
				PRODUCT_NAME = "$(TARGET_NAME)";
				SWIFT_EMIT_LOC_STRINGS = YES;
				SWIFT_VERSION = 5.0;
				TARGETED_DEVICE_FAMILY = "1,2";
			};
			name = Debug;
		};
		65D8DDF628FE201F00CC5D8E /* Release */ = {
			isa = XCBuildConfiguration;
			buildSettings = {
				ASSETCATALOG_COMPILER_APPICON_NAME = AppIcon;
				ASSETCATALOG_COMPILER_GLOBAL_ACCENT_COLOR_NAME = AccentColor;
				CODE_SIGN_STYLE = Automatic;
				CURRENT_PROJECT_VERSION = 1;
				DEVELOPMENT_TEAM = 5RJT5795Z2;
				GENERATE_INFOPLIST_FILE = YES;
				INFOPLIST_FILE = Grading/Info.plist;
				INFOPLIST_KEY_UIApplicationSupportsIndirectInputEvents = YES;
				INFOPLIST_KEY_UILaunchStoryboardName = LaunchScreen;
				INFOPLIST_KEY_UIMainStoryboardFile = Main;
				INFOPLIST_KEY_UISupportedInterfaceOrientations_iPad = "UIInterfaceOrientationPortrait UIInterfaceOrientationPortraitUpsideDown UIInterfaceOrientationLandscapeLeft UIInterfaceOrientationLandscapeRight";
				INFOPLIST_KEY_UISupportedInterfaceOrientations_iPhone = "UIInterfaceOrientationPortrait UIInterfaceOrientationLandscapeLeft UIInterfaceOrientationLandscapeRight";
				LD_RUNPATH_SEARCH_PATHS = (
					"$(inherited)",
					"@executable_path/Frameworks",
				);
				MARKETING_VERSION = 1.0;
				PRODUCT_BUNDLE_IDENTIFIER = UHCL.Grading;
				PRODUCT_NAME = "$(TARGET_NAME)";
				SWIFT_EMIT_LOC_STRINGS = YES;
				SWIFT_VERSION = 5.0;
				TARGETED_DEVICE_FAMILY = "1,2";
			};
			name = Release;
		};
/* End XCBuildConfiguration section */

/* Begin XCConfigurationList section */
		65D8DDD828FE201D00CC5D8E /* Build configuration list for PBXProject "Grading" */ = {
			isa = XCConfigurationList;
			buildConfigurations = (
				65D8DDF228FE201F00CC5D8E /* Debug */,
				65D8DDF328FE201F00CC5D8E /* Release */,
			);
			defaultConfigurationIsVisible = 0;
			defaultConfigurationName = Release;
		};
		65D8DDF428FE201F00CC5D8E /* Build configuration list for PBXNativeTarget "Grading" */ = {
			isa = XCConfigurationList;
			buildConfigurations = (
				65D8DDF528FE201F00CC5D8E /* Debug */,
				65D8DDF628FE201F00CC5D8E /* Release */,
			);
			defaultConfigurationIsVisible = 0;
			defaultConfigurationName = Release;
		};
/* End XCConfigurationList section */

/* Begin XCVersionGroup section */
		65D8DDE928FE201E00CC5D8E /* Grading.xcdatamodeld */ = {
			isa = XCVersionGroup;
			children = (
				65D8DDEA28FE201E00CC5D8E /* Grading.xcdatamodel */,
			);
			currentVersion = 65D8DDEA28FE201E00CC5D8E /* Grading.xcdatamodel */;
			path = Grading.xcdatamodeld;
			sourceTree = "<group>";
			versionGroupType = wrapper.xcdatamodel;
		};
/* End XCVersionGroup section */
	};
	rootObject = 65D8DDD528FE201D00CC5D8E /* Project object */;
}
